
Microsoft Visual Studio Solution File, Format Version 12.00
# Visual Studio 15
VisualStudioVersion = 15.0.27130.2020
MinimumVisualStudioVersion = 10.0.40219.1
Project("{FAE04EC0-301F-11D3-BF4B-00C04F79EFBC}") = "eShopLegacyWebForms", "src\eShopLegacyWebForms\eShopLegacyWebForms.csproj", "{4416714A-9BB8-480B-95B3-C2599598E3EC}"
EndProject
Project("{FAE04EC0-301F-11D3-BF4B-00C04F79EFBC}") = "MessageAPI", "MessageAPI\MessageAPI.csproj", "{D12248D3-3A2F-44D9-9271-0138CAF9521C}"
EndProject
Project("{A07B5EB6-E848-4116-A8D0-A826331D98C6}") = "eShopLegacyWebFormsApplication", "eShopLegacyWebFormsApplication\eShopLegacyWebFormsApplication.sfproj", "{10E5464E-91D8-4594-A519-F22A652C0A14}"
EndProject
Global
	GlobalSection(SolutionConfigurationPlatforms) = preSolution
		Debug|Any CPU = Debug|Any CPU
		Debug|x64 = Debug|x64
		Release|Any CPU = Release|Any CPU
		Release|x64 = Release|x64
	EndGlobalSection
	GlobalSection(ProjectConfigurationPlatforms) = postSolution
		{4416714A-9BB8-480B-95B3-C2599598E3EC}.Debug|Any CPU.ActiveCfg = Debug|Any CPU
		{4416714A-9BB8-480B-95B3-C2599598E3EC}.Debug|Any CPU.Build.0 = Debug|Any CPU
		{4416714A-9BB8-480B-95B3-C2599598E3EC}.Debug|x64.ActiveCfg = Debug|Any CPU
		{4416714A-9BB8-480B-95B3-C2599598E3EC}.Debug|x64.Build.0 = Debug|Any CPU
		{4416714A-9BB8-480B-95B3-C2599598E3EC}.Release|Any CPU.ActiveCfg = Release|Any CPU
		{4416714A-9BB8-480B-95B3-C2599598E3EC}.Release|Any CPU.Build.0 = Release|Any CPU
		{4416714A-9BB8-480B-95B3-C2599598E3EC}.Release|x64.ActiveCfg = Release|Any CPU
		{4416714A-9BB8-480B-95B3-C2599598E3EC}.Release|x64.Build.0 = Release|Any CPU
		{D12248D3-3A2F-44D9-9271-0138CAF9521C}.Debug|Any CPU.ActiveCfg = Debug|Any CPU
		{D12248D3-3A2F-44D9-9271-0138CAF9521C}.Debug|Any CPU.Build.0 = Debug|Any CPU
		{D12248D3-3A2F-44D9-9271-0138CAF9521C}.Debug|x64.ActiveCfg = Debug|Any CPU
		{D12248D3-3A2F-44D9-9271-0138CAF9521C}.Debug|x64.Build.0 = Debug|Any CPU
		{D12248D3-3A2F-44D9-9271-0138CAF9521C}.Release|Any CPU.ActiveCfg = Release|Any CPU
		{D12248D3-3A2F-44D9-9271-0138CAF9521C}.Release|Any CPU.Build.0 = Release|Any CPU
		{D12248D3-3A2F-44D9-9271-0138CAF9521C}.Release|x64.ActiveCfg = Release|Any CPU
		{D12248D3-3A2F-44D9-9271-0138CAF9521C}.Release|x64.Build.0 = Release|Any CPU
		{10E5464E-91D8-4594-A519-F22A652C0A14}.Debug|Any CPU.ActiveCfg = Debug|x64
		{10E5464E-91D8-4594-A519-F22A652C0A14}.Debug|x64.ActiveCfg = Debug|x64
		{10E5464E-91D8-4594-A519-F22A652C0A14}.Debug|x64.Build.0 = Debug|x64
		{10E5464E-91D8-4594-A519-F22A652C0A14}.Debug|x64.Deploy.0 = Debug|x64
		{10E5464E-91D8-4594-A519-F22A652C0A14}.Release|Any CPU.ActiveCfg = Release|x64
		{10E5464E-91D8-4594-A519-F22A652C0A14}.Release|x64.ActiveCfg = Release|x64
		{10E5464E-91D8-4594-A519-F22A652C0A14}.Release|x64.Build.0 = Release|x64
		{10E5464E-91D8-4594-A519-F22A652C0A14}.Release|x64.Deploy.0 = Release|x64
	EndGlobalSection
	GlobalSection(SolutionProperties) = preSolution
		HideSolutionNode = FALSE
	EndGlobalSection
	GlobalSection(ExtensibilityGlobals) = postSolution
		SolutionGuid = {7BB9F6BE-2470-4251-80B7-0825E02EEA6F}
	EndGlobalSection
EndGlobal
